
Microsoft Visual Studio Solution File, Format Version 12.00
# Visual Studio Version 16
VisualStudioVersion = 16.0.31321.278
MinimumVisualStudioVersion = 10.0.40219.1
Project("{9A19103F-16F7-4668-BE54-9A1E7A4F7556}") = "CMSAPI", "CMSAPI.csproj", "{52E81442-0FF5-455C-AB40-C9DD66ACEF30}"
EndProject
Project("{9A19103F-16F7-4668-BE54-9A1E7A4F7556}") = "Data", "..\Data\Data.csproj", "{C29016D9-AE00-45CA-8F80-367B0E972E30}"
EndProject
Project("{9A19103F-16F7-4668-BE54-9A1E7A4F7556}") = "Infra", "..\Infra\Infra.csproj", "{8967BEEB-CC48-4832-977B-0475D34514E0}"
EndProject
Project("{9A19103F-16F7-4668-BE54-9A1E7A4F7556}") = "Core", "..\Core\Core.csproj", "{754CCA51-BDDD-4799-882A-05A5D7570A29}"
EndProject
Project("{FAE04EC0-301F-11D3-BF4B-00C04F79EFBC}") = "CMSWeb", "..\CMSWeb\CMSWeb.csproj", "{DAB84796-4397-4C38-864B-7ADCA38E0738}"
EndProject
Global
	GlobalSection(SolutionConfigurationPlatforms) = preSolution
		Debug|Any CPU = Debug|Any CPU
		Release|Any CPU = Release|Any CPU
	EndGlobalSection
	GlobalSection(ProjectConfigurationPlatforms) = postSolution
		{52E81442-0FF5-455C-AB40-C9DD66ACEF30}.Debug|Any CPU.ActiveCfg = Debug|Any CPU
		{52E81442-0FF5-455C-AB40-C9DD66ACEF30}.Debug|Any CPU.Build.0 = Debug|Any CPU
		{52E81442-0FF5-455C-AB40-C9DD66ACEF30}.Release|Any CPU.ActiveCfg = Release|Any CPU
		{52E81442-0FF5-455C-AB40-C9DD66ACEF30}.Release|Any CPU.Build.0 = Release|Any CPU
		{C29016D9-AE00-45CA-8F80-367B0E972E30}.Debug|Any CPU.ActiveCfg = Debug|Any CPU
		{C29016D9-AE00-45CA-8F80-367B0E972E30}.Debug|Any CPU.Build.0 = Debug|Any CPU
		{C29016D9-AE00-45CA-8F80-367B0E972E30}.Release|Any CPU.ActiveCfg = Release|Any CPU
		{C29016D9-AE00-45CA-8F80-367B0E972E30}.Release|Any CPU.Build.0 = Release|Any CPU
		{8967BEEB-CC48-4832-977B-0475D34514E0}.Debug|Any CPU.ActiveCfg = Debug|Any CPU
		{8967BEEB-CC48-4832-977B-0475D34514E0}.Debug|Any CPU.Build.0 = Debug|Any CPU
		{8967BEEB-CC48-4832-977B-0475D34514E0}.Release|Any CPU.ActiveCfg = Release|Any CPU
		{8967BEEB-CC48-4832-977B-0475D34514E0}.Release|Any CPU.Build.0 = Release|Any CPU
		{754CCA51-BDDD-4799-882A-05A5D7570A29}.Debug|Any CPU.ActiveCfg = Debug|Any CPU
		{754CCA51-BDDD-4799-882A-05A5D7570A29}.Debug|Any CPU.Build.0 = Debug|Any CPU
		{754CCA51-BDDD-4799-882A-05A5D7570A29}.Release|Any CPU.ActiveCfg = Release|Any CPU
		{754CCA51-BDDD-4799-882A-05A5D7570A29}.Release|Any CPU.Build.0 = Release|Any CPU
		{DAB84796-4397-4C38-864B-7ADCA38E0738}.Debug|Any CPU.ActiveCfg = Debug|Any CPU
		{DAB84796-4397-4C38-864B-7ADCA38E0738}.Debug|Any CPU.Build.0 = Debug|Any CPU
		{DAB84796-4397-4C38-864B-7ADCA38E0738}.Release|Any CPU.ActiveCfg = Release|Any CPU
		{DAB84796-4397-4C38-864B-7ADCA38E0738}.Release|Any CPU.Build.0 = Release|Any CPU
	EndGlobalSection
	GlobalSection(SolutionProperties) = preSolution
		HideSolutionNode = FALSE
	EndGlobalSection
	GlobalSection(ExtensibilityGlobals) = postSolution
		SolutionGuid = {339BA681-1B60-4F07-8A5E-3735C4D5546A}
	EndGlobalSection
EndGlobal
